
Microsoft Visual Studio Solution File, Format Version 12.00
# Visual Studio Version 17
VisualStudioVersion = 17.6.33829.357
MinimumVisualStudioVersion = 10.0.40219.1
Project("{FAE04EC0-301F-11D3-BF4B-00C04F79EFBC}") = "LoR GDr", "LoR GDr.csproj", "{12FBBDC2-10C9-4D83-A048-8FAA0CC616C7}"
EndProject
Global
	GlobalSection(SolutionConfigurationPlatforms) = preSolution
		Debug|Any CPU = Debug|Any CPU
		Release|Any CPU = Release|Any CPU
	EndGlobalSection
	GlobalSection(ProjectConfigurationPlatforms) = postSolution
		{12FBBDC2-10C9-4D83-A048-8FAA0CC616C7}.Debug|Any CPU.ActiveCfg = Debug|Any CPU
		{12FBBDC2-10C9-4D83-A048-8FAA0CC616C7}.Debug|Any CPU.Build.0 = Debug|Any CPU
		{12FBBDC2-10C9-4D83-A048-8FAA0CC616C7}.Release|Any CPU.ActiveCfg = Release|Any CPU
		{12FBBDC2-10C9-4D83-A048-8FAA0CC616C7}.Release|Any CPU.Build.0 = Release|Any CPU
	EndGlobalSection
	GlobalSection(SolutionProperties) = preSolution
		HideSolutionNode = FALSE
	EndGlobalSection
	GlobalSection(ExtensibilityGlobals) = postSolution
		SolutionGuid = {162D9D18-8BA8-4E91-847A-EFD82A672BF8}
	EndGlobalSection
EndGlobal
